// !$*UTF8*$!
{
	archiveVersion = 1;
	classes = {
	};
	objectVersion = 55;
	objects = {

/* Begin PBXBuildFile section */
		2F2073EC27C580B900BBFE1D /* PokemonEntry.swift in Sources */ = {isa = PBXBuildFile; fileRef = 2F2073EB27C580B900BBFE1D /* PokemonEntry.swift */; };
		2F9E2C9927C01EB50080A543 /* PokedexApp.swift in Sources */ = {isa = PBXBuildFile; fileRef = 2F9E2C9827C01EB50080A543 /* PokedexApp.swift */; };
		2F9E2C9B27C01EB50080A543 /* ContentView.swift in Sources */ = {isa = PBXBuildFile; fileRef = 2F9E2C9A27C01EB50080A543 /* ContentView.swift */; };
		2F9E2C9D27C01EB70080A543 /* Assets.xcassets in Resources */ = {isa = PBXBuildFile; fileRef = 2F9E2C9C27C01EB70080A543 /* Assets.xcassets */; };
		2F9E2CA027C01EB70080A543 /* Preview Assets.xcassets in Resources */ = {isa = PBXBuildFile; fileRef = 2F9E2C9F27C01EB70080A543 /* Preview Assets.xcassets */; };
		2F9E2CA827C01EFB0080A543 /* NetworkManager.swift in Sources */ = {isa = PBXBuildFile; fileRef = 2F9E2CA727C01EFB0080A543 /* NetworkManager.swift */; };
		2FB41E8C27C6606900554155 /* PokemonDetail.swift in Sources */ = {isa = PBXBuildFile; fileRef = 2FB41E8B27C6606900554155 /* PokemonDetail.swift */; };
		2FB41E9027C68B0100554155 /* PokemonId.swift in Sources */ = {isa = PBXBuildFile; fileRef = 2FB41E8F27C68B0100554155 /* PokemonId.swift */; };
		2FD8216327C3FB4D00A49464 /* PokemonView.swift in Sources */ = {isa = PBXBuildFile; fileRef = 2FD8216227C3FB4D00A49464 /* PokemonView.swift */; };
		2FD8216627C3FC9100A49464 /* PokemonImage.swift in Sources */ = {isa = PBXBuildFile; fileRef = 2FD8216527C3FC9100A49464 /* PokemonImage.swift */; };
		2FD8216827C4005700A49464 /* Pokemon151.swift in Sources */ = {isa = PBXBuildFile; fileRef = 2FD8216727C4005700A49464 /* Pokemon151.swift */; };
		2FD8216A27C4012200A49464 /* PokemonList.swift in Sources */ = {isa = PBXBuildFile; fileRef = 2FD8216927C4012200A49464 /* PokemonList.swift */; };
		2FD8216C27C41B1500A49464 /* Pokemon.swift in Sources */ = {isa = PBXBuildFile; fileRef = 2FD8216B27C41B1500A49464 /* Pokemon.swift */; };
/* End PBXBuildFile section */

/* Begin PBXFileReference section */
		2F2073EB27C580B900BBFE1D /* PokemonEntry.swift */ = {isa = PBXFileReference; lastKnownFileType = sourcecode.swift; path = PokemonEntry.swift; sourceTree = "<group>"; };
		2F9E2C9527C01EB50080A543 /* Pokedex.app */ = {isa = PBXFileReference; explicitFileType = wrapper.application; includeInIndex = 0; path = Pokedex.app; sourceTree = BUILT_PRODUCTS_DIR; };
		2F9E2C9827C01EB50080A543 /* PokedexApp.swift */ = {isa = PBXFileReference; lastKnownFileType = sourcecode.swift; path = PokedexApp.swift; sourceTree = "<group>"; };
		2F9E2C9A27C01EB50080A543 /* ContentView.swift */ = {isa = PBXFileReference; lastKnownFileType = sourcecode.swift; path = ContentView.swift; sourceTree = "<group>"; };
		2F9E2C9C27C01EB70080A543 /* Assets.xcassets */ = {isa = PBXFileReference; lastKnownFileType = folder.assetcatalog; path = Assets.xcassets; sourceTree = "<group>"; };
		2F9E2C9F27C01EB70080A543 /* Preview Assets.xcassets */ = {isa = PBXFileReference; lastKnownFileType = folder.assetcatalog; path = "Preview Assets.xcassets"; sourceTree = "<group>"; };
		2F9E2CA727C01EFB0080A543 /* NetworkManager.swift */ = {isa = PBXFileReference; lastKnownFileType = sourcecode.swift; path = NetworkManager.swift; sourceTree = "<group>"; };
		2FB41E8B27C6606900554155 /* PokemonDetail.swift */ = {isa = PBXFileReference; lastKnownFileType = sourcecode.swift; path = PokemonDetail.swift; sourceTree = "<group>"; };
		2FB41E8F27C68B0100554155 /* PokemonId.swift */ = {isa = PBXFileReference; lastKnownFileType = sourcecode.swift; path = PokemonId.swift; sourceTree = "<group>"; };
		2FD8216227C3FB4D00A49464 /* PokemonView.swift */ = {isa = PBXFileReference; lastKnownFileType = sourcecode.swift; path = PokemonView.swift; sourceTree = "<group>"; };
		2FD8216527C3FC9100A49464 /* PokemonImage.swift */ = {isa = PBXFileReference; lastKnownFileType = sourcecode.swift; path = PokemonImage.swift; sourceTree = "<group>"; };
		2FD8216727C4005700A49464 /* Pokemon151.swift */ = {isa = PBXFileReference; lastKnownFileType = sourcecode.swift; path = Pokemon151.swift; sourceTree = "<group>"; };
		2FD8216927C4012200A49464 /* PokemonList.swift */ = {isa = PBXFileReference; lastKnownFileType = sourcecode.swift; path = PokemonList.swift; sourceTree = "<group>"; };
		2FD8216B27C41B1500A49464 /* Pokemon.swift */ = {isa = PBXFileReference; lastKnownFileType = sourcecode.swift; path = Pokemon.swift; sourceTree = "<group>"; };
/* End PBXFileReference section */

/* Begin PBXFrameworksBuildPhase section */
		2F9E2C9227C01EB50080A543 /* Frameworks */ = {
			isa = PBXFrameworksBuildPhase;
			buildActionMask = 2147483647;
			files = (
			);
			runOnlyForDeploymentPostprocessing = 0;
		};
/* End PBXFrameworksBuildPhase section */

/* Begin PBXGroup section */
		2F9E2C8C27C01EB50080A543 = {
			isa = PBXGroup;
			children = (
				2F9E2C9727C01EB50080A543 /* Pokedex */,
				2F9E2C9627C01EB50080A543 /* Products */,
			);
			sourceTree = "<group>";
		};
		2F9E2C9627C01EB50080A543 /* Products */ = {
			isa = PBXGroup;
			children = (
				2F9E2C9527C01EB50080A543 /* Pokedex.app */,
			);
			name = Products;
			sourceTree = "<group>";
		};
		2F9E2C9727C01EB50080A543 /* Pokedex */ = {
			isa = PBXGroup;
			children = (
				2F9E2C9827C01EB50080A543 /* PokedexApp.swift */,
				2FD8216427C3FC5200A49464 /* Views */,
				2F9E2CA627C01EEA0080A543 /* Model */,
				2F9E2C9C27C01EB70080A543 /* Assets.xcassets */,
				2F9E2C9E27C01EB70080A543 /* Preview Content */,
			);
			path = Pokedex;
			sourceTree = "<group>";
		};
		2F9E2C9E27C01EB70080A543 /* Preview Content */ = {
			isa = PBXGroup;
			children = (
				2F9E2C9F27C01EB70080A543 /* Preview Assets.xcassets */,
			);
			path = "Preview Content";
			sourceTree = "<group>";
		};
		2F9E2CA627C01EEA0080A543 /* Model */ = {
			isa = PBXGroup;
			children = (
				2F9E2CA727C01EFB0080A543 /* NetworkManager.swift */,
				2FD8216727C4005700A49464 /* Pokemon151.swift */,
				2FD8216B27C41B1500A49464 /* Pokemon.swift */,
				2F2073EB27C580B900BBFE1D /* PokemonEntry.swift */,
				2FB41E8F27C68B0100554155 /* PokemonId.swift */,
			);
			path = Model;
			sourceTree = "<group>";
		};
		2FD8216427C3FC5200A49464 /* Views */ = {
			isa = PBXGroup;
			children = (
				2F9E2C9A27C01EB50080A543 /* ContentView.swift */,
				2FD8216227C3FB4D00A49464 /* PokemonView.swift */,
				2FD8216527C3FC9100A49464 /* PokemonImage.swift */,
				2FD8216927C4012200A49464 /* PokemonList.swift */,
				2FB41E8B27C6606900554155 /* PokemonDetail.swift */,
			);
			path = Views;
			sourceTree = "<group>";
		};
/* End PBXGroup section */

/* Begin PBXNativeTarget section */
		2F9E2C9427C01EB50080A543 /* Pokedex */ = {
			isa = PBXNativeTarget;
			buildConfigurationList = 2F9E2CA327C01EB70080A543 /* Build configuration list for PBXNativeTarget "Pokedex" */;
			buildPhases = (
				2F9E2C9127C01EB50080A543 /* Sources */,
				2F9E2C9227C01EB50080A543 /* Frameworks */,
				2F9E2C9327C01EB50080A543 /* Resources */,
			);
			buildRules = (
			);
			dependencies = (
			);
			name = Pokedex;
			productName = Pokedex;
			productReference = 2F9E2C9527C01EB50080A543 /* Pokedex.app */;
			productType = "com.apple.product-type.application";
		};
/* End PBXNativeTarget section */

/* Begin PBXProject section */
		2F9E2C8D27C01EB50080A543 /* Project object */ = {
			isa = PBXProject;
			attributes = {
				BuildIndependentTargetsInParallel = 1;
				LastSwiftUpdateCheck = 1320;
				LastUpgradeCheck = 1320;
				TargetAttributes = {
					2F9E2C9427C01EB50080A543 = {
						CreatedOnToolsVersion = 13.2.1;
					};
				};
			};
			buildConfigurationList = 2F9E2C9027C01EB50080A543 /* Build configuration list for PBXProject "Pokedex" */;
			compatibilityVersion = "Xcode 13.0";
			developmentRegion = en;
			hasScannedForEncodings = 0;
			knownRegions = (
				en,
				Base,
			);
			mainGroup = 2F9E2C8C27C01EB50080A543;
			productRefGroup = 2F9E2C9627C01EB50080A543 /* Products */;
			projectDirPath = "";
			projectRoot = "";
			targets = (
				2F9E2C9427C01EB50080A543 /* Pokedex */,
			);
		};
/* End PBXProject section */

/* Begin PBXResourcesBuildPhase section */
		2F9E2C9327C01EB50080A543 /* Resources */ = {
			isa = PBXResourcesBuildPhase;
			buildActionMask = 2147483647;
			files = (
				2F9E2CA027C01EB70080A543 /* Preview Assets.xcassets in Resources */,
				2F9E2C9D27C01EB70080A543 /* Assets.xcassets in Resources */,
			);
			runOnlyForDeploymentPostprocessing = 0;
		};
/* End PBXResourcesBuildPhase section */

/* Begin PBXSourcesBuildPhase section */
		2F9E2C9127C01EB50080A543 /* Sources */ = {
			isa = PBXSourcesBuildPhase;
			buildActionMask = 2147483647;
			files = (
				2F9E2CA827C01EFB0080A543 /* NetworkManager.swift in Sources */,
				2FB41E9027C68B0100554155 /* PokemonId.swift in Sources */,
				2FD8216C27C41B1500A49464 /* Pokemon.swift in Sources */,
				2FB41E8C27C6606900554155 /* PokemonDetail.swift in Sources */,
				2F2073EC27C580B900BBFE1D /* PokemonEntry.swift in Sources */,
				2FD8216A27C4012200A49464 /* PokemonList.swift in Sources */,
				2F9E2C9B27C01EB50080A543 /* ContentView.swift in Sources */,
				2FD8216327C3FB4D00A49464 /* PokemonView.swift in Sources */,
				2FD8216827C4005700A49464 /* Pokemon151.swift in Sources */,
				2F9E2C9927C01EB50080A543 /* PokedexApp.swift in Sources */,
				2FD8216627C3FC9100A49464 /* PokemonImage.swift in Sources */,
			);
			runOnlyForDeploymentPostprocessing = 0;
		};
/* End PBXSourcesBuildPhase section */

/* Begin XCBuildConfiguration section */
		2F9E2CA127C01EB70080A543 /* Debug */ = {
			isa = XCBuildConfiguration;
			buildSettings = {
				ALWAYS_SEARCH_USER_PATHS = NO;
				CLANG_ANALYZER_NONNULL = YES;
				CLANG_ANALYZER_NUMBER_OBJECT_CONVERSION = YES_AGGRESSIVE;
				CLANG_CXX_LANGUAGE_STANDARD = "gnu++17";
				CLANG_CXX_LIBRARY = "libc++";
				CLANG_ENABLE_MODULES = YES;
				CLANG_ENABLE_OBJC_ARC = YES;
				CLANG_ENABLE_OBJC_WEAK = YES;
				CLANG_WARN_BLOCK_CAPTURE_AUTORELEASING = YES;
				CLANG_WARN_BOOL_CONVERSION = YES;
				CLANG_WARN_COMMA = YES;
				CLANG_WARN_CONSTANT_CONVERSION = YES;
				CLANG_WARN_DEPRECATED_OBJC_IMPLEMENTATIONS = YES;
				CLANG_WARN_DIRECT_OBJC_ISA_USAGE = YES_ERROR;
				CLANG_WARN_DOCUMENTATION_COMMENTS = YES;
				CLANG_WARN_EMPTY_BODY = YES;
				CLANG_WARN_ENUM_CONVERSION = YES;
				CLANG_WARN_INFINITE_RECURSION = YES;
				CLANG_WARN_INT_CONVERSION = YES;
				CLANG_WARN_NON_LITERAL_NULL_CONVERSION = YES;
				CLANG_WARN_OBJC_IMPLICIT_RETAIN_SELF = YES;
				CLANG_WARN_OBJC_LITERAL_CONVERSION = YES;
				CLANG_WARN_OBJC_ROOT_CLASS = YES_ERROR;
				CLANG_WARN_QUOTED_INCLUDE_IN_FRAMEWORK_HEADER = YES;
				CLANG_WARN_RANGE_LOOP_ANALYSIS = YES;
				CLANG_WARN_STRICT_PROTOTYPES = YES;
				CLANG_WARN_SUSPICIOUS_MOVE = YES;
				CLANG_WARN_UNGUARDED_AVAILABILITY = YES_AGGRESSIVE;
				CLANG_WARN_UNREACHABLE_CODE = YES;
				CLANG_WARN__DUPLICATE_METHOD_MATCH = YES;
				COPY_PHASE_STRIP = NO;
				DEBUG_INFORMATION_FORMAT = dwarf;
				ENABLE_STRICT_OBJC_MSGSEND = YES;
				ENABLE_TESTABILITY = YES;
				GCC_C_LANGUAGE_STANDARD = gnu11;
				GCC_DYNAMIC_NO_PIC = NO;
				GCC_NO_COMMON_BLOCKS = YES;
				GCC_OPTIMIZATION_LEVEL = 0;
				GCC_PREPROCESSOR_DEFINITIONS = (
					"DEBUG=1",
					"$(inherited)",
				);
				GCC_WARN_64_TO_32_BIT_CONVERSION = YES;
				GCC_WARN_ABOUT_RETURN_TYPE = YES_ERROR;
				GCC_WARN_UNDECLARED_SELECTOR = YES;
				GCC_WARN_UNINITIALIZED_AUTOS = YES_AGGRESSIVE;
				GCC_WARN_UNUSED_FUNCTION = YES;
				GCC_WARN_UNUSED_VARIABLE = YES;
				IPHONEOS_DEPLOYMENT_TARGET = 15.2;
				MTL_ENABLE_DEBUG_INFO = INCLUDE_SOURCE;
				MTL_FAST_MATH = YES;
				ONLY_ACTIVE_ARCH = YES;
				SDKROOT = iphoneos;
				SWIFT_ACTIVE_COMPILATION_CONDITIONS = DEBUG;
				SWIFT_OPTIMIZATION_LEVEL = "-Onone";
			};
			name = Debug;
		};
		2F9E2CA227C01EB70080A543 /* Release */ = {
			isa = XCBuildConfiguration;
			buildSettings = {
				ALWAYS_SEARCH_USER_PATHS = NO;
				CLANG_ANALYZER_NONNULL = YES;
				CLANG_ANALYZER_NUMBER_OBJECT_CONVERSION = YES_AGGRESSIVE;
				CLANG_CXX_LANGUAGE_STANDARD = "gnu++17";
				CLANG_CXX_LIBRARY = "libc++";
				CLANG_ENABLE_MODULES = YES;
				CLANG_ENABLE_OBJC_ARC = YES;
				CLANG_ENABLE_OBJC_WEAK = YES;
				CLANG_WARN_BLOCK_CAPTURE_AUTORELEASING = YES;
				CLANG_WARN_BOOL_CONVERSION = YES;
				CLANG_WARN_COMMA = YES;
				CLANG_WARN_CONSTANT_CONVERSION = YES;
				CLANG_WARN_DEPRECATED_OBJC_IMPLEMENTATIONS = YES;
				CLANG_WARN_DIRECT_OBJC_ISA_USAGE = YES_ERROR;
				CLANG_WARN_DOCUMENTATION_COMMENTS = YES;
				CLANG_WARN_EMPTY_BODY = YES;
				CLANG_WARN_ENUM_CONVERSION = YES;
				CLANG_WARN_INFINITE_RECURSION = YES;
				CLANG_WARN_INT_CONVERSION = YES;
				CLANG_WARN_NON_LITERAL_NULL_CONVERSION = YES;
				CLANG_WARN_OBJC_IMPLICIT_RETAIN_SELF = YES;
				CLANG_WARN_OBJC_LITERAL_CONVERSION = YES;
				CLANG_WARN_OBJC_ROOT_CLASS = YES_ERROR;
				CLANG_WARN_QUOTED_INCLUDE_IN_FRAMEWORK_HEADER = YES;
				CLANG_WARN_RANGE_LOOP_ANALYSIS = YES;
				CLANG_WARN_STRICT_PROTOTYPES = YES;
				CLANG_WARN_SUSPICIOUS_MOVE = YES;
				CLANG_WARN_UNGUARDED_AVAILABILITY = YES_AGGRESSIVE;
				CLANG_WARN_UNREACHABLE_CODE = YES;
				CLANG_WARN__DUPLICATE_METHOD_MATCH = YES;
				COPY_PHASE_STRIP = NO;
				DEBUG_INFORMATION_FORMAT = "dwarf-with-dsym";
				ENABLE_NS_ASSERTIONS = NO;
				ENABLE_STRICT_OBJC_MSGSEND = YES;
				GCC_C_LANGUAGE_STANDARD = gnu11;
				GCC_NO_COMMON_BLOCKS = YES;
				GCC_WARN_64_TO_32_BIT_CONVERSION = YES;
				GCC_WARN_ABOUT_RETURN_TYPE = YES_ERROR;
				GCC_WARN_UNDECLARED_SELECTOR = YES;
				GCC_WARN_UNINITIALIZED_AUTOS = YES_AGGRESSIVE;
				GCC_WARN_UNUSED_FUNCTION = YES;
				GCC_WARN_UNUSED_VARIABLE = YES;
				IPHONEOS_DEPLOYMENT_TARGET = 15.2;
				MTL_ENABLE_DEBUG_INFO = NO;
				MTL_FAST_MATH = YES;
				SDKROOT = iphoneos;
				SWIFT_COMPILATION_MODE = wholemodule;
				SWIFT_OPTIMIZATION_LEVEL = "-O";
				VALIDATE_PRODUCT = YES;
			};
			name = Release;
		};
		2F9E2CA427C01EB70080A543 /* Debug */ = {
			isa = XCBuildConfiguration;
			buildSettings = {
				ASSETCATALOG_COMPILER_APPICON_NAME = AppIcon;
				ASSETCATALOG_COMPILER_GLOBAL_ACCENT_COLOR_NAME = AccentColor;
				CODE_SIGN_STYLE = Automatic;
				CURRENT_PROJECT_VERSION = 1;
				DEVELOPMENT_ASSET_PATHS = "\"Pokedex/Preview Content\"";
				DEVELOPMENT_TEAM = 253GAU5X5Q;
				ENABLE_PREVIEWS = YES;
				GENERATE_INFOPLIST_FILE = YES;
				INFOPLIST_KEY_UIApplicationSceneManifest_Generation = YES;
				INFOPLIST_KEY_UIApplicationSupportsIndirectInputEvents = YES;
				INFOPLIST_KEY_UILaunchScreen_Generation = YES;
				INFOPLIST_KEY_UISupportedInterfaceOrientations_iPad = "UIInterfaceOrientationPortrait UIInterfaceOrientationPortraitUpsideDown UIInterfaceOrientationLandscapeLeft UIInterfaceOrientationLandscapeRight";
				INFOPLIST_KEY_UISupportedInterfaceOrientations_iPhone = "UIInterfaceOrientationPortrait UIInterfaceOrientationLandscapeLeft UIInterfaceOrientationLandscapeRight";
				LD_RUNPATH_SEARCH_PATHS = (
					"$(inherited)",
					"@executable_path/Frameworks",
				);
				MARKETING_VERSION = 1.0;
				PRODUCT_BUNDLE_IDENTIFIER = com.muratkaya.Pokedex;
				PRODUCT_NAME = "$(TARGET_NAME)";
				SWIFT_EMIT_LOC_STRINGS = YES;
				SWIFT_VERSION = 5.0;
				TARGETED_DEVICE_FAMILY = "1,2";
			};
			name = Debug;
		};
		2F9E2CA527C01EB70080A543 /* Release */ = {
			isa = XCBuildConfiguration;
			buildSettings = {
				ASSETCATALOG_COMPILER_APPICON_NAME = AppIcon;
				ASSETCATALOG_COMPILER_GLOBAL_ACCENT_COLOR_NAME = AccentColor;
				CODE_SIGN_STYLE = Automatic;
				CURRENT_PROJECT_VERSION = 1;
				DEVELOPMENT_ASSET_PATHS = "\"Pokedex/Preview Content\"";
				DEVELOPMENT_TEAM = 253GAU5X5Q;
				ENABLE_PREVIEWS = YES;
				GENERATE_INFOPLIST_FILE = YES;
				INFOPLIST_KEY_UIApplicationSceneManifest_Generation = YES;
				INFOPLIST_KEY_UIApplicationSupportsIndirectInputEvents = YES;
				INFOPLIST_KEY_UILaunchScreen_Generation = YES;
				INFOPLIST_KEY_UISupportedInterfaceOrientations_iPad = "UIInterfaceOrientationPortrait UIInterfaceOrientationPortraitUpsideDown UIInterfaceOrientationLandscapeLeft UIInterfaceOrientationLandscapeRight";
				INFOPLIST_KEY_UISupportedInterfaceOrientations_iPhone = "UIInterfaceOrientationPortrait UIInterfaceOrientationLandscapeLeft UIInterfaceOrientationLandscapeRight";
				LD_RUNPATH_SEARCH_PATHS = (
					"$(inherited)",
					"@executable_path/Frameworks",
				);
				MARKETING_VERSION = 1.0;
				PRODUCT_BUNDLE_IDENTIFIER = com.muratkaya.Pokedex;
				PRODUCT_NAME = "$(TARGET_NAME)";
				SWIFT_EMIT_LOC_STRINGS = YES;
				SWIFT_VERSION = 5.0;
				TARGETED_DEVICE_FAMILY = "1,2";
			};
			name = Release;
		};
/* End XCBuildConfiguration section */

/* Begin XCConfigurationList section */
		2F9E2C9027C01EB50080A543 /* Build configuration list for PBXProject "Pokedex" */ = {
			isa = XCConfigurationList;
			buildConfigurations = (
				2F9E2CA127C01EB70080A543 /* Debug */,
				2F9E2CA227C01EB70080A543 /* Release */,
			);
			defaultConfigurationIsVisible = 0;
			defaultConfigurationName = Release;
		};
		2F9E2CA327C01EB70080A543 /* Build configuration list for PBXNativeTarget "Pokedex" */ = {
			isa = XCConfigurationList;
			buildConfigurations = (
				2F9E2CA427C01EB70080A543 /* Debug */,
				2F9E2CA527C01EB70080A543 /* Release */,
			);
			defaultConfigurationIsVisible = 0;
			defaultConfigurationName = Release;
		};
/* End XCConfigurationList section */
	};
	rootObject = 2F9E2C8D27C01EB50080A543 /* Project object */;
}
